
Microsoft Visual Studio Solution File, Format Version 12.00
# Visual Studio 15
VisualStudioVersion = 15.0.27004.2008
MinimumVisualStudioVersion = 10.0.40219.1
Project("{FAE04EC0-301F-11D3-BF4B-00C04F79EFBC}") = "Compute Quotient and Remainder", "Compute Quotient and Remainder\Compute Quotient and Remainder.csproj", "{8AB992A1-F7CD-4B9A-8073-AF5362A2C013}"
EndProject
Global
	GlobalSection(SolutionConfigurationPlatforms) = preSolution
		Debug|Any CPU = Debug|Any CPU
		Release|Any CPU = Release|Any CPU
	EndGlobalSection
	GlobalSection(ProjectConfigurationPlatforms) = postSolution
		{8AB992A1-F7CD-4B9A-8073-AF5362A2C013}.Debug|Any CPU.ActiveCfg = Debug|Any CPU
		{8AB992A1-F7CD-4B9A-8073-AF5362A2C013}.Debug|Any CPU.Build.0 = Debug|Any CPU
		{8AB992A1-F7CD-4B9A-8073-AF5362A2C013}.Release|Any CPU.ActiveCfg = Release|Any CPU
		{8AB992A1-F7CD-4B9A-8073-AF5362A2C013}.Release|Any CPU.Build.0 = Release|Any CPU
	EndGlobalSection
	GlobalSection(SolutionProperties) = preSolution
		HideSolutionNode = FALSE
	EndGlobalSection
	GlobalSection(ExtensibilityGlobals) = postSolution
		SolutionGuid = {880B4ECF-C930-4176-A498-07FD9F8274BE}
	EndGlobalSection
EndGlobal
