
Microsoft Visual Studio Solution File, Format Version 12.00
# Visual Studio 15
VisualStudioVersion = 15.0.27004.2008
MinimumVisualStudioVersion = 10.0.40219.1
Project("{FAE04EC0-301F-11D3-BF4B-00C04F79EFBC}") = "Factorial_Number", "Factorial_Number\Factorial_Number.csproj", "{E81C9762-7EB0-4B7B-ACAD-098EA6760217}"
EndProject
Global
	GlobalSection(SolutionConfigurationPlatforms) = preSolution
		Debug|Any CPU = Debug|Any CPU
		Release|Any CPU = Release|Any CPU
	EndGlobalSection
	GlobalSection(ProjectConfigurationPlatforms) = postSolution
		{E81C9762-7EB0-4B7B-ACAD-098EA6760217}.Debug|Any CPU.ActiveCfg = Debug|Any CPU
		{E81C9762-7EB0-4B7B-ACAD-098EA6760217}.Debug|Any CPU.Build.0 = Debug|Any CPU
		{E81C9762-7EB0-4B7B-ACAD-098EA6760217}.Release|Any CPU.ActiveCfg = Release|Any CPU
		{E81C9762-7EB0-4B7B-ACAD-098EA6760217}.Release|Any CPU.Build.0 = Release|Any CPU
	EndGlobalSection
	GlobalSection(SolutionProperties) = preSolution
		HideSolutionNode = FALSE
	EndGlobalSection
	GlobalSection(ExtensibilityGlobals) = postSolution
		SolutionGuid = {9F20DE9C-202B-40FC-AFD1-27DA7A04EDB6}
	EndGlobalSection
EndGlobal
