
Microsoft Visual Studio Solution File, Format Version 12.00
# Visual Studio 15
VisualStudioVersion = 15.0.27004.2008
MinimumVisualStudioVersion = 10.0.40219.1
Project("{FAE04EC0-301F-11D3-BF4B-00C04F79EFBC}") = "Largest Among Three Numbers", "Largest Among Three Numbers\Largest Among Three Numbers.csproj", "{304A8B85-6750-4468-8F98-0DD2E33D5840}"
EndProject
Global
	GlobalSection(SolutionConfigurationPlatforms) = preSolution
		Debug|Any CPU = Debug|Any CPU
		Release|Any CPU = Release|Any CPU
	EndGlobalSection
	GlobalSection(ProjectConfigurationPlatforms) = postSolution
		{304A8B85-6750-4468-8F98-0DD2E33D5840}.Debug|Any CPU.ActiveCfg = Debug|Any CPU
		{304A8B85-6750-4468-8F98-0DD2E33D5840}.Debug|Any CPU.Build.0 = Debug|Any CPU
		{304A8B85-6750-4468-8F98-0DD2E33D5840}.Release|Any CPU.ActiveCfg = Release|Any CPU
		{304A8B85-6750-4468-8F98-0DD2E33D5840}.Release|Any CPU.Build.0 = Release|Any CPU
	EndGlobalSection
	GlobalSection(SolutionProperties) = preSolution
		HideSolutionNode = FALSE
	EndGlobalSection
	GlobalSection(ExtensibilityGlobals) = postSolution
		SolutionGuid = {21EC3723-E8F6-4569-B882-B49A0DFF218A}
	EndGlobalSection
EndGlobal
