
Microsoft Visual Studio Solution File, Format Version 12.00
# Visual Studio 15
VisualStudioVersion = 15.0.27004.2008
MinimumVisualStudioVersion = 10.0.40219.1
Project("{FAE04EC0-301F-11D3-BF4B-00C04F79EFBC}") = "Swap_Two_Number", "Swap_Two_Number\Swap_Two_Number.csproj", "{B3D5BA88-4C59-4ABA-A617-8306E5DB7F58}"
EndProject
Global
	GlobalSection(SolutionConfigurationPlatforms) = preSolution
		Debug|Any CPU = Debug|Any CPU
		Release|Any CPU = Release|Any CPU
	EndGlobalSection
	GlobalSection(ProjectConfigurationPlatforms) = postSolution
		{B3D5BA88-4C59-4ABA-A617-8306E5DB7F58}.Debug|Any CPU.ActiveCfg = Debug|Any CPU
		{B3D5BA88-4C59-4ABA-A617-8306E5DB7F58}.Debug|Any CPU.Build.0 = Debug|Any CPU
		{B3D5BA88-4C59-4ABA-A617-8306E5DB7F58}.Release|Any CPU.ActiveCfg = Release|Any CPU
		{B3D5BA88-4C59-4ABA-A617-8306E5DB7F58}.Release|Any CPU.Build.0 = Release|Any CPU
	EndGlobalSection
	GlobalSection(SolutionProperties) = preSolution
		HideSolutionNode = FALSE
	EndGlobalSection
	GlobalSection(ExtensibilityGlobals) = postSolution
		SolutionGuid = {1A4915AC-E91D-4674-95AD-4D407F0963BC}
	EndGlobalSection
EndGlobal
